
Microsoft Visual Studio Solution File, Format Version 12.00
# Visual Studio Version 16
VisualStudioVersion = 16.0.31205.134
MinimumVisualStudioVersion = 10.0.40219.1
Project("{FAE04EC0-301F-11D3-BF4B-00C04F79EFBC}") = "RightwayProducts.UI", "RightwayProducts.UI\RightwayProducts.UI.csproj", "{7F9237F0-9F5B-4A54-AA10-D7EF5B77020A}"
EndProject
Project("{FAE04EC0-301F-11D3-BF4B-00C04F79EFBC}") = "Rightway.ClassLib", "RightWay.ClassLib\Rightway.ClassLib.csproj", "{CF35344C-1746-481C-874E-86CC45C25E85}"
EndProject
Global
	GlobalSection(SolutionConfigurationPlatforms) = preSolution
		Debug|Any CPU = Debug|Any CPU
		Release|Any CPU = Release|Any CPU
	EndGlobalSection
	GlobalSection(ProjectConfigurationPlatforms) = postSolution
		{7F9237F0-9F5B-4A54-AA10-D7EF5B77020A}.Debug|Any CPU.ActiveCfg = Debug|Any CPU
		{7F9237F0-9F5B-4A54-AA10-D7EF5B77020A}.Debug|Any CPU.Build.0 = Debug|Any CPU
		{7F9237F0-9F5B-4A54-AA10-D7EF5B77020A}.Release|Any CPU.ActiveCfg = Release|Any CPU
		{7F9237F0-9F5B-4A54-AA10-D7EF5B77020A}.Release|Any CPU.Build.0 = Release|Any CPU
		{CF35344C-1746-481C-874E-86CC45C25E85}.Debug|Any CPU.ActiveCfg = Debug|Any CPU
		{CF35344C-1746-481C-874E-86CC45C25E85}.Debug|Any CPU.Build.0 = Debug|Any CPU
		{CF35344C-1746-481C-874E-86CC45C25E85}.Release|Any CPU.ActiveCfg = Release|Any CPU
		{CF35344C-1746-481C-874E-86CC45C25E85}.Release|Any CPU.Build.0 = Release|Any CPU
	EndGlobalSection
	GlobalSection(SolutionProperties) = preSolution
		HideSolutionNode = FALSE
	EndGlobalSection
	GlobalSection(ExtensibilityGlobals) = postSolution
		SolutionGuid = {55A36229-A611-41AA-A6FE-92E29CD9ACDB}
	EndGlobalSection
EndGlobal
